
Microsoft Visual Studio Solution File, Format Version 12.00
# Visual Studio Version 16
VisualStudioVersion = 16.0.30626.31
MinimumVisualStudioVersion = 15.0.26124.0
Project("{9A19103F-16F7-4668-BE54-9A1E7A4F7556}") = "Globomantics.IdentityServer", "Globomantics.IdentityServer\Globomantics.IdentityServer.csproj", "{557D4A0D-AE3F-40D6-9D4C-9E296EF45DB1}"
EndProject
Project("{9A19103F-16F7-4668-BE54-9A1E7A4F7556}") = "Globomantics.Core", "Globomantics.Core\Globomantics.Core.csproj", "{9A728620-C1F3-4E37-9B13-C674EB887BFF}"
EndProject
Project("{2150E333-8FDC-42A3-9474-1A3956D46DE8}") = "sql", "sql", "{B5AA248D-DF57-4E00-B18A-CE09DA3D7FCF}"
	ProjectSection(SolutionItems) = preProject
		sql\InitializeGlobomanticsDb.sql = sql\InitializeGlobomanticsDb.sql
	EndProjectSection
EndProject
Project("{2150E333-8FDC-42A3-9474-1A3956D46DE8}") = "Solution Items", "Solution Items", "{295109D2-1AA4-4445-B590-18D6F0F1D016}"
	ProjectSection(SolutionItems) = preProject
		README.md = README.md
	EndProjectSection
EndProject
Project("{FAE04EC0-301F-11D3-BF4B-00C04F79EFBC}") = "Globomantics.Api", "Globomantics.Api\Globomantics.Api.csproj", "{BF01064B-BDC6-43C1-A11B-AFEBFED7ECF9}"
EndProject
Global
	GlobalSection(SolutionConfigurationPlatforms) = preSolution
		Debug|Any CPU = Debug|Any CPU
		Debug|x64 = Debug|x64
		Debug|x86 = Debug|x86
		Release|Any CPU = Release|Any CPU
		Release|x64 = Release|x64
		Release|x86 = Release|x86
	EndGlobalSection
	GlobalSection(ProjectConfigurationPlatforms) = postSolution
		{557D4A0D-AE3F-40D6-9D4C-9E296EF45DB1}.Debug|Any CPU.ActiveCfg = Debug|Any CPU
		{557D4A0D-AE3F-40D6-9D4C-9E296EF45DB1}.Debug|Any CPU.Build.0 = Debug|Any CPU
		{557D4A0D-AE3F-40D6-9D4C-9E296EF45DB1}.Debug|x64.ActiveCfg = Debug|Any CPU
		{557D4A0D-AE3F-40D6-9D4C-9E296EF45DB1}.Debug|x64.Build.0 = Debug|Any CPU
		{557D4A0D-AE3F-40D6-9D4C-9E296EF45DB1}.Debug|x86.ActiveCfg = Debug|Any CPU
		{557D4A0D-AE3F-40D6-9D4C-9E296EF45DB1}.Debug|x86.Build.0 = Debug|Any CPU
		{557D4A0D-AE3F-40D6-9D4C-9E296EF45DB1}.Release|Any CPU.ActiveCfg = Release|Any CPU
		{557D4A0D-AE3F-40D6-9D4C-9E296EF45DB1}.Release|Any CPU.Build.0 = Release|Any CPU
		{557D4A0D-AE3F-40D6-9D4C-9E296EF45DB1}.Release|x64.ActiveCfg = Release|Any CPU
		{557D4A0D-AE3F-40D6-9D4C-9E296EF45DB1}.Release|x64.Build.0 = Release|Any CPU
		{557D4A0D-AE3F-40D6-9D4C-9E296EF45DB1}.Release|x86.ActiveCfg = Release|Any CPU
		{557D4A0D-AE3F-40D6-9D4C-9E296EF45DB1}.Release|x86.Build.0 = Release|Any CPU
		{9A728620-C1F3-4E37-9B13-C674EB887BFF}.Debug|Any CPU.ActiveCfg = Debug|Any CPU
		{9A728620-C1F3-4E37-9B13-C674EB887BFF}.Debug|Any CPU.Build.0 = Debug|Any CPU
		{9A728620-C1F3-4E37-9B13-C674EB887BFF}.Debug|x64.ActiveCfg = Debug|Any CPU
		{9A728620-C1F3-4E37-9B13-C674EB887BFF}.Debug|x64.Build.0 = Debug|Any CPU
		{9A728620-C1F3-4E37-9B13-C674EB887BFF}.Debug|x86.ActiveCfg = Debug|Any CPU
		{9A728620-C1F3-4E37-9B13-C674EB887BFF}.Debug|x86.Build.0 = Debug|Any CPU
		{9A728620-C1F3-4E37-9B13-C674EB887BFF}.Release|Any CPU.ActiveCfg = Release|Any CPU
		{9A728620-C1F3-4E37-9B13-C674EB887BFF}.Release|Any CPU.Build.0 = Release|Any CPU
		{9A728620-C1F3-4E37-9B13-C674EB887BFF}.Release|x64.ActiveCfg = Release|Any CPU
		{9A728620-C1F3-4E37-9B13-C674EB887BFF}.Release|x64.Build.0 = Release|Any CPU
		{9A728620-C1F3-4E37-9B13-C674EB887BFF}.Release|x86.ActiveCfg = Release|Any CPU
		{9A728620-C1F3-4E37-9B13-C674EB887BFF}.Release|x86.Build.0 = Release|Any CPU
		{BF01064B-BDC6-43C1-A11B-AFEBFED7ECF9}.Debug|Any CPU.ActiveCfg = Debug|Any CPU
		{BF01064B-BDC6-43C1-A11B-AFEBFED7ECF9}.Debug|Any CPU.Build.0 = Debug|Any CPU
		{BF01064B-BDC6-43C1-A11B-AFEBFED7ECF9}.Debug|x64.ActiveCfg = Debug|Any CPU
		{BF01064B-BDC6-43C1-A11B-AFEBFED7ECF9}.Debug|x64.Build.0 = Debug|Any CPU
		{BF01064B-BDC6-43C1-A11B-AFEBFED7ECF9}.Debug|x86.ActiveCfg = Debug|Any CPU
		{BF01064B-BDC6-43C1-A11B-AFEBFED7ECF9}.Debug|x86.Build.0 = Debug|Any CPU
		{BF01064B-BDC6-43C1-A11B-AFEBFED7ECF9}.Release|Any CPU.ActiveCfg = Release|Any CPU
		{BF01064B-BDC6-43C1-A11B-AFEBFED7ECF9}.Release|Any CPU.Build.0 = Release|Any CPU
		{BF01064B-BDC6-43C1-A11B-AFEBFED7ECF9}.Release|x64.ActiveCfg = Release|Any CPU
		{BF01064B-BDC6-43C1-A11B-AFEBFED7ECF9}.Release|x64.Build.0 = Release|Any CPU
		{BF01064B-BDC6-43C1-A11B-AFEBFED7ECF9}.Release|x86.ActiveCfg = Release|Any CPU
		{BF01064B-BDC6-43C1-A11B-AFEBFED7ECF9}.Release|x86.Build.0 = Release|Any CPU
	EndGlobalSection
	GlobalSection(SolutionProperties) = preSolution
		HideSolutionNode = FALSE
	EndGlobalSection
	GlobalSection(ExtensibilityGlobals) = postSolution
		SolutionGuid = {E4FAFB9B-D89F-4B9A-8A8D-B177AFC3B6F4}
	EndGlobalSection
EndGlobal
